
Microsoft Visual Studio Solution File, Format Version 12.00
# Visual Studio Version 17
VisualStudioVersion = 17.13.35913.81
MinimumVisualStudioVersion = 10.0.40219.1
Project("{2150E333-8FDC-42A3-9474-1A3956D46DE8}") = "Task0", "Task0", "{02EA681E-C7D8-13C7-8484-4AC65E1B71E8}"
EndProject
Project("{FAE04EC0-301F-11D3-BF4B-00C04F79EFBC}") = "Tyuiu.VdovinA.Sprint1.Task0.V6", "Tyuiu.VdovinA.Sprint1.Task0.V6\Tyuiu.VdovinA.Sprint1.Task0.V6.csproj", "{E02AEF95-CE95-448D-BECC-B6C3E87EE197}"
EndProject
Project("{FAE04EC0-301F-11D3-BF4B-00C04F79EFBC}") = "Tyuiu.VdovinA.Sprint1.Task0.V6.Lib", "Tyuiu.VdovinA.Sprint1.Task0.V6.Lib\Tyuiu.VdovinA.Sprint1.Task0.V6.Lib.csproj", "{A46F83CB-06AC-4312-A006-DCDAB465B6D8}"
EndProject
Project("{FAE04EC0-301F-11D3-BF4B-00C04F79EFBC}") = "Tyuiu.VdovinA.Sprint1.Task0.V6.Test", "Tyuiu.VdovinA.Sprint1.Task0.V6.Test\Tyuiu.VdovinA.Sprint1.Task0.V6.Test.csproj", "{1ED605AA-CD43-4BF8-969D-CA58F1646033}"
EndProject
Project("{2150E333-8FDC-42A3-9474-1A3956D46DE8}") = "Task1", "Task1", "{D23B2679-3549-46E5-9080-334E82248675}"
EndProject
Project("{FAE04EC0-301F-11D3-BF4B-00C04F79EFBC}") = "Tyuiu.VdovinA.Sprint1.Task1.V21.Lib", "Tyuiu.VdovinA.Sprint1.Task1.V21.Lib\Tyuiu.VdovinA.Sprint1.Task1.V21.Lib.csproj", "{49914A01-72EC-4C09-8A86-FCF329A04561}"
EndProject
Project("{FAE04EC0-301F-11D3-BF4B-00C04F79EFBC}") = "Tyuiu.SpirinIS.Sprint1.Task1.V21.Test", "Tyuiu.SpirinIS.Sprint1.Task1.V21.Test\Tyuiu.SpirinIS.Sprint1.Task1.V21.Test.csproj", "{E0B76E68-A673-416E-A7E3-993264890E2F}"
EndProject
Project("{FAE04EC0-301F-11D3-BF4B-00C04F79EFBC}") = "Tyuiu.SpirinIS.Sprint1.Task1.V21", "Tyuiu.SpirinIS.Sprint1.Task1.V21\Tyuiu.SpirinIS.Sprint1.Task1.V21.csproj", "{A393C6B2-4DB5-42B9-8731-8AAE3D13FAFD}"
EndProject
Global
	GlobalSection(SolutionConfigurationPlatforms) = preSolution
		Debug|Any CPU = Debug|Any CPU
		Release|Any CPU = Release|Any CPU
	EndGlobalSection
	GlobalSection(ProjectConfigurationPlatforms) = postSolution
		{E02AEF95-CE95-448D-BECC-B6C3E87EE197}.Debug|Any CPU.ActiveCfg = Debug|Any CPU
		{E02AEF95-CE95-448D-BECC-B6C3E87EE197}.Debug|Any CPU.Build.0 = Debug|Any CPU
		{E02AEF95-CE95-448D-BECC-B6C3E87EE197}.Release|Any CPU.ActiveCfg = Release|Any CPU
		{E02AEF95-CE95-448D-BECC-B6C3E87EE197}.Release|Any CPU.Build.0 = Release|Any CPU
		{A46F83CB-06AC-4312-A006-DCDAB465B6D8}.Debug|Any CPU.ActiveCfg = Debug|Any CPU
		{A46F83CB-06AC-4312-A006-DCDAB465B6D8}.Debug|Any CPU.Build.0 = Debug|Any CPU
		{A46F83CB-06AC-4312-A006-DCDAB465B6D8}.Release|Any CPU.ActiveCfg = Release|Any CPU
		{A46F83CB-06AC-4312-A006-DCDAB465B6D8}.Release|Any CPU.Build.0 = Release|Any CPU
		{1ED605AA-CD43-4BF8-969D-CA58F1646033}.Debug|Any CPU.ActiveCfg = Debug|Any CPU
		{1ED605AA-CD43-4BF8-969D-CA58F1646033}.Debug|Any CPU.Build.0 = Debug|Any CPU
		{1ED605AA-CD43-4BF8-969D-CA58F1646033}.Release|Any CPU.ActiveCfg = Release|Any CPU
		{1ED605AA-CD43-4BF8-969D-CA58F1646033}.Release|Any CPU.Build.0 = Release|Any CPU
		{49914A01-72EC-4C09-8A86-FCF329A04561}.Debug|Any CPU.ActiveCfg = Debug|Any CPU
		{49914A01-72EC-4C09-8A86-FCF329A04561}.Debug|Any CPU.Build.0 = Debug|Any CPU
		{49914A01-72EC-4C09-8A86-FCF329A04561}.Release|Any CPU.ActiveCfg = Release|Any CPU
		{49914A01-72EC-4C09-8A86-FCF329A04561}.Release|Any CPU.Build.0 = Release|Any CPU
		{E0B76E68-A673-416E-A7E3-993264890E2F}.Debug|Any CPU.ActiveCfg = Debug|Any CPU
		{E0B76E68-A673-416E-A7E3-993264890E2F}.Debug|Any CPU.Build.0 = Debug|Any CPU
		{E0B76E68-A673-416E-A7E3-993264890E2F}.Release|Any CPU.ActiveCfg = Release|Any CPU
		{E0B76E68-A673-416E-A7E3-993264890E2F}.Release|Any CPU.Build.0 = Release|Any CPU
		{A393C6B2-4DB5-42B9-8731-8AAE3D13FAFD}.Debug|Any CPU.ActiveCfg = Debug|Any CPU
		{A393C6B2-4DB5-42B9-8731-8AAE3D13FAFD}.Debug|Any CPU.Build.0 = Debug|Any CPU
		{A393C6B2-4DB5-42B9-8731-8AAE3D13FAFD}.Release|Any CPU.ActiveCfg = Release|Any CPU
		{A393C6B2-4DB5-42B9-8731-8AAE3D13FAFD}.Release|Any CPU.Build.0 = Release|Any CPU
	EndGlobalSection
	GlobalSection(SolutionProperties) = preSolution
		HideSolutionNode = FALSE
	EndGlobalSection
	GlobalSection(NestedProjects) = preSolution
		{E02AEF95-CE95-448D-BECC-B6C3E87EE197} = {02EA681E-C7D8-13C7-8484-4AC65E1B71E8}
		{A46F83CB-06AC-4312-A006-DCDAB465B6D8} = {02EA681E-C7D8-13C7-8484-4AC65E1B71E8}
		{1ED605AA-CD43-4BF8-969D-CA58F1646033} = {02EA681E-C7D8-13C7-8484-4AC65E1B71E8}
		{49914A01-72EC-4C09-8A86-FCF329A04561} = {D23B2679-3549-46E5-9080-334E82248675}
		{E0B76E68-A673-416E-A7E3-993264890E2F} = {D23B2679-3549-46E5-9080-334E82248675}
		{A393C6B2-4DB5-42B9-8731-8AAE3D13FAFD} = {D23B2679-3549-46E5-9080-334E82248675}
	EndGlobalSection
	GlobalSection(ExtensibilityGlobals) = postSolution
		SolutionGuid = {EC5D0156-B3F3-468B-B415-AD71B06A749A}
	EndGlobalSection
EndGlobal
