
Microsoft Visual Studio Solution File, Format Version 12.00
# Visual Studio Version 17
VisualStudioVersion = 17.13.35913.81
MinimumVisualStudioVersion = 10.0.40219.1
Project("{2150E333-8FDC-42A3-9474-1A3956D46DE8}") = "Task0", "Task0", "{02EA681E-C7D8-13C7-8484-4AC65E1B71E8}"
EndProject
Project("{FAE04EC0-301F-11D3-BF4B-00C04F79EFBC}") = "Tyuiu.VdovinA.Sprint1.Task0.V6", "Tyuiu.VdovinA.Sprint1.Task0.V6\Tyuiu.VdovinA.Sprint1.Task0.V6.csproj", "{E02AEF95-CE95-448D-BECC-B6C3E87EE197}"
EndProject
Project("{FAE04EC0-301F-11D3-BF4B-00C04F79EFBC}") = "Tyuiu.VdovinA.Sprint1.Task0.V6.Lib", "Tyuiu.VdovinA.Sprint1.Task0.V6.Lib\Tyuiu.VdovinA.Sprint1.Task0.V6.Lib.csproj", "{A46F83CB-06AC-4312-A006-DCDAB465B6D8}"
EndProject
Project("{2150E333-8FDC-42A3-9474-1A3956D46DE8}") = "Task1", "Task1", "{D23B2679-3549-46E5-9080-334E82248675}"
EndProject
Project("{FAE04EC0-301F-11D3-BF4B-00C04F79EFBC}") = "Tyuiu.VdovinA.Sprint1.Task1.V21.Lib", "Tyuiu.VdovinA.Sprint1.Task1.V21.Lib\Tyuiu.VdovinA.Sprint1.Task1.V21.Lib.csproj", "{49914A01-72EC-4C09-8A86-FCF329A04561}"
EndProject
Project("{FAE04EC0-301F-11D3-BF4B-00C04F79EFBC}") = "Tyuiu.VdovinA.Sprint1.Task1.V21", "Tyuiu.VdovinA.Sprint1.Task1.V21\Tyuiu.VdovinA.Sprint1.Task1.V21.csproj", "{3D8AAFF7-55C3-4B0B-A47C-8EFC82FACD94}"
EndProject
Project("{FAE04EC0-301F-11D3-BF4B-00C04F79EFBC}") = "Tyuiu.VdovinA.Sprint1.Task1.V21.Test", "Tyuiu.VdovinA.Sprint1.Task1.V21.Test\Tyuiu.VdovinA.Sprint1.Task1.V21.Test.csproj", "{161A9876-A79A-4A28-87AB-CD9AD4127565}"
EndProject
Project("{2150E333-8FDC-42A3-9474-1A3956D46DE8}") = "Task2", "Task2", "{DDE0E7D2-8521-40F6-A632-BF5C86EC901E}"
EndProject
Project("{FAE04EC0-301F-11D3-BF4B-00C04F79EFBC}") = "Tyuiu.VdovinA.Sprint1.Task2.V24", "Tyuiu.VdovinA.Sprint1.Task2.V24\Tyuiu.VdovinA.Sprint1.Task2.V24.csproj", "{71656ED4-8E78-4854-8C0D-6A4E08FC12DE}"
EndProject
Project("{FAE04EC0-301F-11D3-BF4B-00C04F79EFBC}") = "Tyuiu.VdovinA.Sprint1.Task2.V24.Lib", "Tyuiu.VdovinA.Sprint1.Task2.V24.Lib\Tyuiu.VdovinA.Sprint1.Task2.V24.Lib.csproj", "{BC3D252E-A1AA-43B4-909F-A72801B3901D}"
EndProject
Project("{FAE04EC0-301F-11D3-BF4B-00C04F79EFBC}") = "Tyuiu.VdovinA.Sprint1.Task2.V24.Test", "Tyuiu.VdovinA.Sprint1.Task2.V24.Test\Tyuiu.VdovinA.Sprint1.Task2.V24.Test.csproj", "{97A7D625-F831-41A3-A703-3AAB87F1F1D8}"
EndProject
Project("{2150E333-8FDC-42A3-9474-1A3956D46DE8}") = "Task3", "Task3", "{05523A11-B8F5-4AC2-889B-B44B08D47080}"
EndProject
Project("{FAE04EC0-301F-11D3-BF4B-00C04F79EFBC}") = "Tyuiu.VdovinA.Sprint1.Task3.V3.Lib", "Tyuiu.VdovinA.Sprint1.Task3.V3.Lib\Tyuiu.VdovinA.Sprint1.Task3.V3.Lib.csproj", "{BF18CB14-1689-4270-A6D4-43F0F08B62CD}"
EndProject
Project("{FAE04EC0-301F-11D3-BF4B-00C04F79EFBC}") = "Tyuiu.VdovinA.Sprint1.Task3.V3.Test", "Tyuiu.VdovinA.Sprint1.Task3.V3.Test\Tyuiu.VdovinA.Sprint1.Task3.V3.Test.csproj", "{5E406BBC-F0AE-4D40-B307-C463D1372FCA}"
EndProject
Project("{FAE04EC0-301F-11D3-BF4B-00C04F79EFBC}") = "Tyuiu.VdovinA.Sprint1.Task3.V3", "Tyuiu.VdovinA.Sprint1.Task3.V3\Tyuiu.VdovinA.Sprint1.Task3.V3.csproj", "{9452E5D6-02D3-4409-931B-351EC7A68982}"
EndProject
Project("{FAE04EC0-301F-11D3-BF4B-00C04F79EFBC}") = "Tyuiu.VdovinA.Sprint1.Task0.V6.Test", "Tyuiu.VdovinA.Sprint1.Task0.V6.Test\Tyuiu.VdovinA.Sprint1.Task0.V6.Test.csproj", "{E299B3A5-2A3F-413D-B95D-6A45858B5906}"
EndProject
Project("{2150E333-8FDC-42A3-9474-1A3956D46DE8}") = "Task4", "Task4", "{6E816FA8-5F62-4DCC-8BA3-B426E51393FD}"
EndProject
Project("{FAE04EC0-301F-11D3-BF4B-00C04F79EFBC}") = "Tyuiu.VdovinA.Sprint1.Task4.V9", "Tyuiu.VdovinA.Sprint1.Task4.V9\Tyuiu.VdovinA.Sprint1.Task4.V9.csproj", "{D058F89B-FE1C-4AEE-B78C-793ACFA58D46}"
EndProject
Project("{FAE04EC0-301F-11D3-BF4B-00C04F79EFBC}") = "Tyuiu.VdovinA.Sprint1.Task4.V9.Lib", "Tyuiu.VdovinA.Sprint1.Task4.V9.Lib\Tyuiu.VdovinA.Sprint1.Task4.V9.Lib.csproj", "{2DE6683A-5BD5-4BE4-B4A2-66CA0278F9A0}"
EndProject
Project("{FAE04EC0-301F-11D3-BF4B-00C04F79EFBC}") = "Tyuiu.VdovinA.Sprint1.Task4.V9.Test", "Tyuiu.VdovinA.Sprint1.Task4.V9.Test\Tyuiu.VdovinA.Sprint1.Task4.V9.Test.csproj", "{5232F9EB-F4C2-4946-A693-885DA7562833}"
EndProject
Project("{2150E333-8FDC-42A3-9474-1A3956D46DE8}") = "Task5", "Task5", "{7B1B8A2E-4665-42DF-B6EA-82C92E84AADF}"
EndProject
Project("{FAE04EC0-301F-11D3-BF4B-00C04F79EFBC}") = "Tyuiu.VdovinA.Sprint1.Task5.V3.Lib", "Tyuiu.VdovinA.Sprint1.Task5.V3.Lib\Tyuiu.VdovinA.Sprint1.Task5.V3.Lib.csproj", "{8C4A4AD5-A166-4693-B059-3FE864B5BCD1}"
EndProject
Project("{FAE04EC0-301F-11D3-BF4B-00C04F79EFBC}") = "Tyuiu.VdovinA.Sprint1.Task5.V3.Test", "Tyuiu.VdovinA.Sprint1.Task5.V3.Test\Tyuiu.VdovinA.Sprint1.Task5.V3.Test.csproj", "{9F841F98-8F2D-480D-9BEE-8BF5AC742D9B}"
EndProject
Project("{FAE04EC0-301F-11D3-BF4B-00C04F79EFBC}") = "Tyuiu.VdovinA.Sprint1.Task5.V3", "Tyuiu.VdovinA.Sprint1.Task5.V3\Tyuiu.VdovinA.Sprint1.Task5.V3.csproj", "{7145BABB-9A00-435C-8CC8-3859ACABC259}"
EndProject
Project("{2150E333-8FDC-42A3-9474-1A3956D46DE8}") = "Task6", "Task6", "{B7B88D31-B5BC-46A7-8F14-45B5075D14B0}"
EndProject
Project("{FAE04EC0-301F-11D3-BF4B-00C04F79EFBC}") = "Tyuiu.VdovinA.Sprint1.Task6.V9.Lib", "Tyuiu.VdovinA.Sprint1.Task6.V9.Lib\Tyuiu.VdovinA.Sprint1.Task6.V9.Lib.csproj", "{C88BADC6-98F8-4A8F-AA3C-1F554EEE927C}"
EndProject
Project("{FAE04EC0-301F-11D3-BF4B-00C04F79EFBC}") = "Tyuiu.VdovinA.Sprint1.Task6.V9", "Tyuiu.VdovinA.Sprint1.Task6.V9\Tyuiu.VdovinA.Sprint1.Task6.V9.csproj", "{BC3CBB40-96F8-4761-84CE-C26606A5F496}"
EndProject
Project("{FAE04EC0-301F-11D3-BF4B-00C04F79EFBC}") = "Tyuiu.VdovinA.Sprint1.Task6.V9.Test", "Tyuiu.VdovinA.Sprint1.Task6.V9.Test\Tyuiu.VdovinA.Sprint1.Task6.V9.Test.csproj", "{0C0D78CA-E492-4378-B346-F5D907F75FF5}"
EndProject
Project("{2150E333-8FDC-42A3-9474-1A3956D46DE8}") = "Task7", "Task7", "{DAA63128-ADEB-4158-8B10-06C025546E06}"
EndProject
Project("{FAE04EC0-301F-11D3-BF4B-00C04F79EFBC}") = "Tyuiu.VdovinA.Sprint1.Task7.V12.Lib", "Tyuiu.VdovinA.Sprint1.Task7.V12.Lib\Tyuiu.VdovinA.Sprint1.Task7.V12.Lib.csproj", "{2C5A48F9-4C11-40D6-ADE9-F538A4AC1D07}"
EndProject
Project("{FAE04EC0-301F-11D3-BF4B-00C04F79EFBC}") = "Tyuiu.VdovinA.Sprint1.Task7.V12", "Tyuiu.VdovinA.Sprint1.Task7.V12\Tyuiu.VdovinA.Sprint1.Task7.V12.csproj", "{676B695A-86F9-4D95-AA37-6A0A1852BA06}"
EndProject
Project("{FAE04EC0-301F-11D3-BF4B-00C04F79EFBC}") = "Tyuiu.VdovinA.Sprint1.Task7.V12.Test", "Tyuiu.VdovinA.Sprint1.Task7.V12.Test\Tyuiu.VdovinA.Sprint1.Task7.V12.Test.csproj", "{BAA2BF99-3211-4F8D-AD08-37B28799E7A6}"
EndProject
Global
	GlobalSection(SolutionConfigurationPlatforms) = preSolution
		Debug|Any CPU = Debug|Any CPU
		Release|Any CPU = Release|Any CPU
	EndGlobalSection
	GlobalSection(ProjectConfigurationPlatforms) = postSolution
		{E02AEF95-CE95-448D-BECC-B6C3E87EE197}.Debug|Any CPU.ActiveCfg = Debug|Any CPU
		{E02AEF95-CE95-448D-BECC-B6C3E87EE197}.Debug|Any CPU.Build.0 = Debug|Any CPU
		{E02AEF95-CE95-448D-BECC-B6C3E87EE197}.Release|Any CPU.ActiveCfg = Release|Any CPU
		{E02AEF95-CE95-448D-BECC-B6C3E87EE197}.Release|Any CPU.Build.0 = Release|Any CPU
		{A46F83CB-06AC-4312-A006-DCDAB465B6D8}.Debug|Any CPU.ActiveCfg = Debug|Any CPU
		{A46F83CB-06AC-4312-A006-DCDAB465B6D8}.Debug|Any CPU.Build.0 = Debug|Any CPU
		{A46F83CB-06AC-4312-A006-DCDAB465B6D8}.Release|Any CPU.ActiveCfg = Release|Any CPU
		{A46F83CB-06AC-4312-A006-DCDAB465B6D8}.Release|Any CPU.Build.0 = Release|Any CPU
		{49914A01-72EC-4C09-8A86-FCF329A04561}.Debug|Any CPU.ActiveCfg = Debug|Any CPU
		{49914A01-72EC-4C09-8A86-FCF329A04561}.Debug|Any CPU.Build.0 = Debug|Any CPU
		{49914A01-72EC-4C09-8A86-FCF329A04561}.Release|Any CPU.ActiveCfg = Release|Any CPU
		{49914A01-72EC-4C09-8A86-FCF329A04561}.Release|Any CPU.Build.0 = Release|Any CPU
		{3D8AAFF7-55C3-4B0B-A47C-8EFC82FACD94}.Debug|Any CPU.ActiveCfg = Debug|Any CPU
		{3D8AAFF7-55C3-4B0B-A47C-8EFC82FACD94}.Debug|Any CPU.Build.0 = Debug|Any CPU
		{3D8AAFF7-55C3-4B0B-A47C-8EFC82FACD94}.Release|Any CPU.ActiveCfg = Release|Any CPU
		{3D8AAFF7-55C3-4B0B-A47C-8EFC82FACD94}.Release|Any CPU.Build.0 = Release|Any CPU
		{161A9876-A79A-4A28-87AB-CD9AD4127565}.Debug|Any CPU.ActiveCfg = Debug|Any CPU
		{161A9876-A79A-4A28-87AB-CD9AD4127565}.Debug|Any CPU.Build.0 = Debug|Any CPU
		{161A9876-A79A-4A28-87AB-CD9AD4127565}.Release|Any CPU.ActiveCfg = Release|Any CPU
		{161A9876-A79A-4A28-87AB-CD9AD4127565}.Release|Any CPU.Build.0 = Release|Any CPU
		{71656ED4-8E78-4854-8C0D-6A4E08FC12DE}.Debug|Any CPU.ActiveCfg = Debug|Any CPU
		{71656ED4-8E78-4854-8C0D-6A4E08FC12DE}.Debug|Any CPU.Build.0 = Debug|Any CPU
		{71656ED4-8E78-4854-8C0D-6A4E08FC12DE}.Release|Any CPU.ActiveCfg = Release|Any CPU
		{71656ED4-8E78-4854-8C0D-6A4E08FC12DE}.Release|Any CPU.Build.0 = Release|Any CPU
		{BC3D252E-A1AA-43B4-909F-A72801B3901D}.Debug|Any CPU.ActiveCfg = Debug|Any CPU
		{BC3D252E-A1AA-43B4-909F-A72801B3901D}.Debug|Any CPU.Build.0 = Debug|Any CPU
		{BC3D252E-A1AA-43B4-909F-A72801B3901D}.Release|Any CPU.ActiveCfg = Release|Any CPU
		{BC3D252E-A1AA-43B4-909F-A72801B3901D}.Release|Any CPU.Build.0 = Release|Any CPU
		{97A7D625-F831-41A3-A703-3AAB87F1F1D8}.Debug|Any CPU.ActiveCfg = Debug|Any CPU
		{97A7D625-F831-41A3-A703-3AAB87F1F1D8}.Debug|Any CPU.Build.0 = Debug|Any CPU
		{97A7D625-F831-41A3-A703-3AAB87F1F1D8}.Release|Any CPU.ActiveCfg = Release|Any CPU
		{97A7D625-F831-41A3-A703-3AAB87F1F1D8}.Release|Any CPU.Build.0 = Release|Any CPU
		{BF18CB14-1689-4270-A6D4-43F0F08B62CD}.Debug|Any CPU.ActiveCfg = Debug|Any CPU
		{BF18CB14-1689-4270-A6D4-43F0F08B62CD}.Debug|Any CPU.Build.0 = Debug|Any CPU
		{BF18CB14-1689-4270-A6D4-43F0F08B62CD}.Release|Any CPU.ActiveCfg = Release|Any CPU
		{BF18CB14-1689-4270-A6D4-43F0F08B62CD}.Release|Any CPU.Build.0 = Release|Any CPU
		{5E406BBC-F0AE-4D40-B307-C463D1372FCA}.Debug|Any CPU.ActiveCfg = Debug|Any CPU
		{5E406BBC-F0AE-4D40-B307-C463D1372FCA}.Debug|Any CPU.Build.0 = Debug|Any CPU
		{5E406BBC-F0AE-4D40-B307-C463D1372FCA}.Release|Any CPU.ActiveCfg = Release|Any CPU
		{5E406BBC-F0AE-4D40-B307-C463D1372FCA}.Release|Any CPU.Build.0 = Release|Any CPU
		{9452E5D6-02D3-4409-931B-351EC7A68982}.Debug|Any CPU.ActiveCfg = Debug|Any CPU
		{9452E5D6-02D3-4409-931B-351EC7A68982}.Debug|Any CPU.Build.0 = Debug|Any CPU
		{9452E5D6-02D3-4409-931B-351EC7A68982}.Release|Any CPU.ActiveCfg = Release|Any CPU
		{9452E5D6-02D3-4409-931B-351EC7A68982}.Release|Any CPU.Build.0 = Release|Any CPU
		{E299B3A5-2A3F-413D-B95D-6A45858B5906}.Debug|Any CPU.ActiveCfg = Debug|Any CPU
		{E299B3A5-2A3F-413D-B95D-6A45858B5906}.Debug|Any CPU.Build.0 = Debug|Any CPU
		{E299B3A5-2A3F-413D-B95D-6A45858B5906}.Release|Any CPU.ActiveCfg = Release|Any CPU
		{E299B3A5-2A3F-413D-B95D-6A45858B5906}.Release|Any CPU.Build.0 = Release|Any CPU
		{D058F89B-FE1C-4AEE-B78C-793ACFA58D46}.Debug|Any CPU.ActiveCfg = Debug|Any CPU
		{D058F89B-FE1C-4AEE-B78C-793ACFA58D46}.Debug|Any CPU.Build.0 = Debug|Any CPU
		{D058F89B-FE1C-4AEE-B78C-793ACFA58D46}.Release|Any CPU.ActiveCfg = Release|Any CPU
		{D058F89B-FE1C-4AEE-B78C-793ACFA58D46}.Release|Any CPU.Build.0 = Release|Any CPU
		{2DE6683A-5BD5-4BE4-B4A2-66CA0278F9A0}.Debug|Any CPU.ActiveCfg = Debug|Any CPU
		{2DE6683A-5BD5-4BE4-B4A2-66CA0278F9A0}.Debug|Any CPU.Build.0 = Debug|Any CPU
		{2DE6683A-5BD5-4BE4-B4A2-66CA0278F9A0}.Release|Any CPU.ActiveCfg = Release|Any CPU
		{2DE6683A-5BD5-4BE4-B4A2-66CA0278F9A0}.Release|Any CPU.Build.0 = Release|Any CPU
		{5232F9EB-F4C2-4946-A693-885DA7562833}.Debug|Any CPU.ActiveCfg = Debug|Any CPU
		{5232F9EB-F4C2-4946-A693-885DA7562833}.Debug|Any CPU.Build.0 = Debug|Any CPU
		{5232F9EB-F4C2-4946-A693-885DA7562833}.Release|Any CPU.ActiveCfg = Release|Any CPU
		{5232F9EB-F4C2-4946-A693-885DA7562833}.Release|Any CPU.Build.0 = Release|Any CPU
		{8C4A4AD5-A166-4693-B059-3FE864B5BCD1}.Debug|Any CPU.ActiveCfg = Debug|Any CPU
		{8C4A4AD5-A166-4693-B059-3FE864B5BCD1}.Debug|Any CPU.Build.0 = Debug|Any CPU
		{8C4A4AD5-A166-4693-B059-3FE864B5BCD1}.Release|Any CPU.ActiveCfg = Release|Any CPU
		{8C4A4AD5-A166-4693-B059-3FE864B5BCD1}.Release|Any CPU.Build.0 = Release|Any CPU
		{9F841F98-8F2D-480D-9BEE-8BF5AC742D9B}.Debug|Any CPU.ActiveCfg = Debug|Any CPU
		{9F841F98-8F2D-480D-9BEE-8BF5AC742D9B}.Debug|Any CPU.Build.0 = Debug|Any CPU
		{9F841F98-8F2D-480D-9BEE-8BF5AC742D9B}.Release|Any CPU.ActiveCfg = Release|Any CPU
		{9F841F98-8F2D-480D-9BEE-8BF5AC742D9B}.Release|Any CPU.Build.0 = Release|Any CPU
		{7145BABB-9A00-435C-8CC8-3859ACABC259}.Debug|Any CPU.ActiveCfg = Debug|Any CPU
		{7145BABB-9A00-435C-8CC8-3859ACABC259}.Debug|Any CPU.Build.0 = Debug|Any CPU
		{7145BABB-9A00-435C-8CC8-3859ACABC259}.Release|Any CPU.ActiveCfg = Release|Any CPU
		{7145BABB-9A00-435C-8CC8-3859ACABC259}.Release|Any CPU.Build.0 = Release|Any CPU
		{C88BADC6-98F8-4A8F-AA3C-1F554EEE927C}.Debug|Any CPU.ActiveCfg = Debug|Any CPU
		{C88BADC6-98F8-4A8F-AA3C-1F554EEE927C}.Debug|Any CPU.Build.0 = Debug|Any CPU
		{C88BADC6-98F8-4A8F-AA3C-1F554EEE927C}.Release|Any CPU.ActiveCfg = Release|Any CPU
		{C88BADC6-98F8-4A8F-AA3C-1F554EEE927C}.Release|Any CPU.Build.0 = Release|Any CPU
		{BC3CBB40-96F8-4761-84CE-C26606A5F496}.Debug|Any CPU.ActiveCfg = Debug|Any CPU
		{BC3CBB40-96F8-4761-84CE-C26606A5F496}.Debug|Any CPU.Build.0 = Debug|Any CPU
		{BC3CBB40-96F8-4761-84CE-C26606A5F496}.Release|Any CPU.ActiveCfg = Release|Any CPU
		{BC3CBB40-96F8-4761-84CE-C26606A5F496}.Release|Any CPU.Build.0 = Release|Any CPU
		{0C0D78CA-E492-4378-B346-F5D907F75FF5}.Debug|Any CPU.ActiveCfg = Debug|Any CPU
		{0C0D78CA-E492-4378-B346-F5D907F75FF5}.Debug|Any CPU.Build.0 = Debug|Any CPU
		{0C0D78CA-E492-4378-B346-F5D907F75FF5}.Release|Any CPU.ActiveCfg = Release|Any CPU
		{0C0D78CA-E492-4378-B346-F5D907F75FF5}.Release|Any CPU.Build.0 = Release|Any CPU
		{2C5A48F9-4C11-40D6-ADE9-F538A4AC1D07}.Debug|Any CPU.ActiveCfg = Debug|Any CPU
		{2C5A48F9-4C11-40D6-ADE9-F538A4AC1D07}.Debug|Any CPU.Build.0 = Debug|Any CPU
		{2C5A48F9-4C11-40D6-ADE9-F538A4AC1D07}.Release|Any CPU.ActiveCfg = Release|Any CPU
		{2C5A48F9-4C11-40D6-ADE9-F538A4AC1D07}.Release|Any CPU.Build.0 = Release|Any CPU
		{676B695A-86F9-4D95-AA37-6A0A1852BA06}.Debug|Any CPU.ActiveCfg = Debug|Any CPU
		{676B695A-86F9-4D95-AA37-6A0A1852BA06}.Debug|Any CPU.Build.0 = Debug|Any CPU
		{676B695A-86F9-4D95-AA37-6A0A1852BA06}.Release|Any CPU.ActiveCfg = Release|Any CPU
		{676B695A-86F9-4D95-AA37-6A0A1852BA06}.Release|Any CPU.Build.0 = Release|Any CPU
		{BAA2BF99-3211-4F8D-AD08-37B28799E7A6}.Debug|Any CPU.ActiveCfg = Debug|Any CPU
		{BAA2BF99-3211-4F8D-AD08-37B28799E7A6}.Debug|Any CPU.Build.0 = Debug|Any CPU
		{BAA2BF99-3211-4F8D-AD08-37B28799E7A6}.Release|Any CPU.ActiveCfg = Release|Any CPU
		{BAA2BF99-3211-4F8D-AD08-37B28799E7A6}.Release|Any CPU.Build.0 = Release|Any CPU
	EndGlobalSection
	GlobalSection(SolutionProperties) = preSolution
		HideSolutionNode = FALSE
	EndGlobalSection
	GlobalSection(NestedProjects) = preSolution
		{E02AEF95-CE95-448D-BECC-B6C3E87EE197} = {02EA681E-C7D8-13C7-8484-4AC65E1B71E8}
		{A46F83CB-06AC-4312-A006-DCDAB465B6D8} = {02EA681E-C7D8-13C7-8484-4AC65E1B71E8}
		{49914A01-72EC-4C09-8A86-FCF329A04561} = {D23B2679-3549-46E5-9080-334E82248675}
		{3D8AAFF7-55C3-4B0B-A47C-8EFC82FACD94} = {D23B2679-3549-46E5-9080-334E82248675}
		{161A9876-A79A-4A28-87AB-CD9AD4127565} = {D23B2679-3549-46E5-9080-334E82248675}
		{71656ED4-8E78-4854-8C0D-6A4E08FC12DE} = {DDE0E7D2-8521-40F6-A632-BF5C86EC901E}
		{BC3D252E-A1AA-43B4-909F-A72801B3901D} = {DDE0E7D2-8521-40F6-A632-BF5C86EC901E}
		{97A7D625-F831-41A3-A703-3AAB87F1F1D8} = {DDE0E7D2-8521-40F6-A632-BF5C86EC901E}
		{BF18CB14-1689-4270-A6D4-43F0F08B62CD} = {05523A11-B8F5-4AC2-889B-B44B08D47080}
		{5E406BBC-F0AE-4D40-B307-C463D1372FCA} = {05523A11-B8F5-4AC2-889B-B44B08D47080}
		{9452E5D6-02D3-4409-931B-351EC7A68982} = {05523A11-B8F5-4AC2-889B-B44B08D47080}
		{E299B3A5-2A3F-413D-B95D-6A45858B5906} = {02EA681E-C7D8-13C7-8484-4AC65E1B71E8}
		{D058F89B-FE1C-4AEE-B78C-793ACFA58D46} = {6E816FA8-5F62-4DCC-8BA3-B426E51393FD}
		{2DE6683A-5BD5-4BE4-B4A2-66CA0278F9A0} = {6E816FA8-5F62-4DCC-8BA3-B426E51393FD}
		{5232F9EB-F4C2-4946-A693-885DA7562833} = {6E816FA8-5F62-4DCC-8BA3-B426E51393FD}
		{8C4A4AD5-A166-4693-B059-3FE864B5BCD1} = {7B1B8A2E-4665-42DF-B6EA-82C92E84AADF}
		{9F841F98-8F2D-480D-9BEE-8BF5AC742D9B} = {7B1B8A2E-4665-42DF-B6EA-82C92E84AADF}
		{7145BABB-9A00-435C-8CC8-3859ACABC259} = {7B1B8A2E-4665-42DF-B6EA-82C92E84AADF}
		{C88BADC6-98F8-4A8F-AA3C-1F554EEE927C} = {B7B88D31-B5BC-46A7-8F14-45B5075D14B0}
		{BC3CBB40-96F8-4761-84CE-C26606A5F496} = {B7B88D31-B5BC-46A7-8F14-45B5075D14B0}
		{0C0D78CA-E492-4378-B346-F5D907F75FF5} = {B7B88D31-B5BC-46A7-8F14-45B5075D14B0}
		{2C5A48F9-4C11-40D6-ADE9-F538A4AC1D07} = {DAA63128-ADEB-4158-8B10-06C025546E06}
		{676B695A-86F9-4D95-AA37-6A0A1852BA06} = {DAA63128-ADEB-4158-8B10-06C025546E06}
		{BAA2BF99-3211-4F8D-AD08-37B28799E7A6} = {DAA63128-ADEB-4158-8B10-06C025546E06}
	EndGlobalSection
	GlobalSection(ExtensibilityGlobals) = postSolution
		SolutionGuid = {EC5D0156-B3F3-468B-B415-AD71B06A749A}
	EndGlobalSection
EndGlobal
