
Microsoft Visual Studio Solution File, Format Version 12.00
# Visual Studio Version 17
VisualStudioVersion = 17.13.35913.81
MinimumVisualStudioVersion = 10.0.40219.1
Project("{2150E333-8FDC-42A3-9474-1A3956D46DE8}") = "Task0", "Task0", "{02EA681E-C7D8-13C7-8484-4AC65E1B71E8}"
EndProject
Project("{FAE04EC0-301F-11D3-BF4B-00C04F79EFBC}") = "Tyuiu.VdovinA.Sprint1.Task0.V6", "Tyuiu.VdovinA.Sprint1.Task0.V6\Tyuiu.VdovinA.Sprint1.Task0.V6.csproj", "{E02AEF95-CE95-448D-BECC-B6C3E87EE197}"
EndProject
Project("{FAE04EC0-301F-11D3-BF4B-00C04F79EFBC}") = "Tyuiu.VdovinA.Sprint1.Task0.V6.Lib", "Tyuiu.VdovinA.Sprint1.Task0.V6.Lib\Tyuiu.VdovinA.Sprint1.Task0.V6.Lib.csproj", "{A46F83CB-06AC-4312-A006-DCDAB465B6D8}"
EndProject
Project("{FAE04EC0-301F-11D3-BF4B-00C04F79EFBC}") = "Tyuiu.VdovinA.Sprint1.Task0.V6.Test", "Tyuiu.VdovinA.Sprint1.Task0.V6.Test\Tyuiu.VdovinA.Sprint1.Task0.V6.Test.csproj", "{1ED605AA-CD43-4BF8-969D-CA58F1646033}"
EndProject
Project("{2150E333-8FDC-42A3-9474-1A3956D46DE8}") = "Task1", "Task1", "{D23B2679-3549-46E5-9080-334E82248675}"
EndProject
Project("{FAE04EC0-301F-11D3-BF4B-00C04F79EFBC}") = "Tyuiu.VdovinA.Sprint1.Task1.V21.Lib", "Tyuiu.VdovinA.Sprint1.Task1.V21.Lib\Tyuiu.VdovinA.Sprint1.Task1.V21.Lib.csproj", "{49914A01-72EC-4C09-8A86-FCF329A04561}"
EndProject
Project("{FAE04EC0-301F-11D3-BF4B-00C04F79EFBC}") = "Tyuiu.VdovinA.Sprint1.Task1.V21", "Tyuiu.VdovinA.Sprint1.Task1.V21\Tyuiu.VdovinA.Sprint1.Task1.V21.csproj", "{3D8AAFF7-55C3-4B0B-A47C-8EFC82FACD94}"
EndProject
Project("{FAE04EC0-301F-11D3-BF4B-00C04F79EFBC}") = "Tyuiu.VdovinA.Sprint1.Task1.V21.Test", "Tyuiu.VdovinA.Sprint1.Task1.V21.Test\Tyuiu.VdovinA.Sprint1.Task1.V21.Test.csproj", "{161A9876-A79A-4A28-87AB-CD9AD4127565}"
EndProject
Project("{2150E333-8FDC-42A3-9474-1A3956D46DE8}") = "Task2", "Task2", "{DDE0E7D2-8521-40F6-A632-BF5C86EC901E}"
EndProject
Project("{FAE04EC0-301F-11D3-BF4B-00C04F79EFBC}") = "Tyuiu.VdovinA.Sprint1.Task2.V24", "Tyuiu.VdovinA.Sprint1.Task2.V24\Tyuiu.VdovinA.Sprint1.Task2.V24.csproj", "{71656ED4-8E78-4854-8C0D-6A4E08FC12DE}"
EndProject
Project("{FAE04EC0-301F-11D3-BF4B-00C04F79EFBC}") = "Tyuiu.VdovinA.Sprint1.Task2.V24.Lib", "Tyuiu.VdovinA.Sprint1.Task2.V24.Lib\Tyuiu.VdovinA.Sprint1.Task2.V24.Lib.csproj", "{BC3D252E-A1AA-43B4-909F-A72801B3901D}"
EndProject
Project("{FAE04EC0-301F-11D3-BF4B-00C04F79EFBC}") = "Tyuiu.VdovinA.Sprint1.Task2.V24.Test", "Tyuiu.VdovinA.Sprint1.Task2.V24.Test\Tyuiu.VdovinA.Sprint1.Task2.V24.Test.csproj", "{97A7D625-F831-41A3-A703-3AAB87F1F1D8}"
EndProject
Project("{2150E333-8FDC-42A3-9474-1A3956D46DE8}") = "Task3", "Task3", "{05523A11-B8F5-4AC2-889B-B44B08D47080}"
EndProject
Project("{FAE04EC0-301F-11D3-BF4B-00C04F79EFBC}") = "Tyuiu.VdovinA.Sprint1.Task3.V3.Lib", "Tyuiu.VdovinA.Sprint1.Task3.V3.Lib\Tyuiu.VdovinA.Sprint1.Task3.V3.Lib.csproj", "{BF18CB14-1689-4270-A6D4-43F0F08B62CD}"
EndProject
Project("{FAE04EC0-301F-11D3-BF4B-00C04F79EFBC}") = "Tyuiu.VdovinA.Sprint1.Task3.V3.Test", "Tyuiu.VdovinA.Sprint1.Task3.V3.Test\Tyuiu.VdovinA.Sprint1.Task3.V3.Test.csproj", "{5E406BBC-F0AE-4D40-B307-C463D1372FCA}"
EndProject
Project("{FAE04EC0-301F-11D3-BF4B-00C04F79EFBC}") = "Tyuiu.VdovinA.Sprint1.Task3.V3", "Tyuiu.VdovinA.Sprint1.Task3.V3\Tyuiu.VdovinA.Sprint1.Task3.V3.csproj", "{9452E5D6-02D3-4409-931B-351EC7A68982}"
EndProject
Project("{2150E333-8FDC-42A3-9474-1A3956D46DE8}") = "dll", "dll", "{8EC462FD-D22E-90A8-E5CE-7E832BA40C5D}"
	ProjectSection(SolutionItems) = preProject
		tyuiu.cources.programming.interfaces.dll = tyuiu.cources.programming.interfaces.dll
	EndProjectSection
EndProject
Global
	GlobalSection(SolutionConfigurationPlatforms) = preSolution
		Debug|Any CPU = Debug|Any CPU
		Release|Any CPU = Release|Any CPU
	EndGlobalSection
	GlobalSection(ProjectConfigurationPlatforms) = postSolution
		{E02AEF95-CE95-448D-BECC-B6C3E87EE197}.Debug|Any CPU.ActiveCfg = Debug|Any CPU
		{E02AEF95-CE95-448D-BECC-B6C3E87EE197}.Debug|Any CPU.Build.0 = Debug|Any CPU
		{E02AEF95-CE95-448D-BECC-B6C3E87EE197}.Release|Any CPU.ActiveCfg = Release|Any CPU
		{E02AEF95-CE95-448D-BECC-B6C3E87EE197}.Release|Any CPU.Build.0 = Release|Any CPU
		{A46F83CB-06AC-4312-A006-DCDAB465B6D8}.Debug|Any CPU.ActiveCfg = Debug|Any CPU
		{A46F83CB-06AC-4312-A006-DCDAB465B6D8}.Debug|Any CPU.Build.0 = Debug|Any CPU
		{A46F83CB-06AC-4312-A006-DCDAB465B6D8}.Release|Any CPU.ActiveCfg = Release|Any CPU
		{A46F83CB-06AC-4312-A006-DCDAB465B6D8}.Release|Any CPU.Build.0 = Release|Any CPU
		{1ED605AA-CD43-4BF8-969D-CA58F1646033}.Debug|Any CPU.ActiveCfg = Debug|Any CPU
		{1ED605AA-CD43-4BF8-969D-CA58F1646033}.Debug|Any CPU.Build.0 = Debug|Any CPU
		{1ED605AA-CD43-4BF8-969D-CA58F1646033}.Release|Any CPU.ActiveCfg = Release|Any CPU
		{1ED605AA-CD43-4BF8-969D-CA58F1646033}.Release|Any CPU.Build.0 = Release|Any CPU
		{49914A01-72EC-4C09-8A86-FCF329A04561}.Debug|Any CPU.ActiveCfg = Debug|Any CPU
		{49914A01-72EC-4C09-8A86-FCF329A04561}.Debug|Any CPU.Build.0 = Debug|Any CPU
		{49914A01-72EC-4C09-8A86-FCF329A04561}.Release|Any CPU.ActiveCfg = Release|Any CPU
		{49914A01-72EC-4C09-8A86-FCF329A04561}.Release|Any CPU.Build.0 = Release|Any CPU
		{3D8AAFF7-55C3-4B0B-A47C-8EFC82FACD94}.Debug|Any CPU.ActiveCfg = Debug|Any CPU
		{3D8AAFF7-55C3-4B0B-A47C-8EFC82FACD94}.Debug|Any CPU.Build.0 = Debug|Any CPU
		{3D8AAFF7-55C3-4B0B-A47C-8EFC82FACD94}.Release|Any CPU.ActiveCfg = Release|Any CPU
		{3D8AAFF7-55C3-4B0B-A47C-8EFC82FACD94}.Release|Any CPU.Build.0 = Release|Any CPU
		{161A9876-A79A-4A28-87AB-CD9AD4127565}.Debug|Any CPU.ActiveCfg = Debug|Any CPU
		{161A9876-A79A-4A28-87AB-CD9AD4127565}.Debug|Any CPU.Build.0 = Debug|Any CPU
		{161A9876-A79A-4A28-87AB-CD9AD4127565}.Release|Any CPU.ActiveCfg = Release|Any CPU
		{161A9876-A79A-4A28-87AB-CD9AD4127565}.Release|Any CPU.Build.0 = Release|Any CPU
		{71656ED4-8E78-4854-8C0D-6A4E08FC12DE}.Debug|Any CPU.ActiveCfg = Debug|Any CPU
		{71656ED4-8E78-4854-8C0D-6A4E08FC12DE}.Debug|Any CPU.Build.0 = Debug|Any CPU
		{71656ED4-8E78-4854-8C0D-6A4E08FC12DE}.Release|Any CPU.ActiveCfg = Release|Any CPU
		{71656ED4-8E78-4854-8C0D-6A4E08FC12DE}.Release|Any CPU.Build.0 = Release|Any CPU
		{BC3D252E-A1AA-43B4-909F-A72801B3901D}.Debug|Any CPU.ActiveCfg = Debug|Any CPU
		{BC3D252E-A1AA-43B4-909F-A72801B3901D}.Debug|Any CPU.Build.0 = Debug|Any CPU
		{BC3D252E-A1AA-43B4-909F-A72801B3901D}.Release|Any CPU.ActiveCfg = Release|Any CPU
		{BC3D252E-A1AA-43B4-909F-A72801B3901D}.Release|Any CPU.Build.0 = Release|Any CPU
		{97A7D625-F831-41A3-A703-3AAB87F1F1D8}.Debug|Any CPU.ActiveCfg = Debug|Any CPU
		{97A7D625-F831-41A3-A703-3AAB87F1F1D8}.Debug|Any CPU.Build.0 = Debug|Any CPU
		{97A7D625-F831-41A3-A703-3AAB87F1F1D8}.Release|Any CPU.ActiveCfg = Release|Any CPU
		{97A7D625-F831-41A3-A703-3AAB87F1F1D8}.Release|Any CPU.Build.0 = Release|Any CPU
		{BF18CB14-1689-4270-A6D4-43F0F08B62CD}.Debug|Any CPU.ActiveCfg = Debug|Any CPU
		{BF18CB14-1689-4270-A6D4-43F0F08B62CD}.Debug|Any CPU.Build.0 = Debug|Any CPU
		{BF18CB14-1689-4270-A6D4-43F0F08B62CD}.Release|Any CPU.ActiveCfg = Release|Any CPU
		{BF18CB14-1689-4270-A6D4-43F0F08B62CD}.Release|Any CPU.Build.0 = Release|Any CPU
		{5E406BBC-F0AE-4D40-B307-C463D1372FCA}.Debug|Any CPU.ActiveCfg = Debug|Any CPU
		{5E406BBC-F0AE-4D40-B307-C463D1372FCA}.Debug|Any CPU.Build.0 = Debug|Any CPU
		{5E406BBC-F0AE-4D40-B307-C463D1372FCA}.Release|Any CPU.ActiveCfg = Release|Any CPU
		{5E406BBC-F0AE-4D40-B307-C463D1372FCA}.Release|Any CPU.Build.0 = Release|Any CPU
		{9452E5D6-02D3-4409-931B-351EC7A68982}.Debug|Any CPU.ActiveCfg = Debug|Any CPU
		{9452E5D6-02D3-4409-931B-351EC7A68982}.Debug|Any CPU.Build.0 = Debug|Any CPU
		{9452E5D6-02D3-4409-931B-351EC7A68982}.Release|Any CPU.ActiveCfg = Release|Any CPU
		{9452E5D6-02D3-4409-931B-351EC7A68982}.Release|Any CPU.Build.0 = Release|Any CPU
	EndGlobalSection
	GlobalSection(SolutionProperties) = preSolution
		HideSolutionNode = FALSE
	EndGlobalSection
	GlobalSection(NestedProjects) = preSolution
		{E02AEF95-CE95-448D-BECC-B6C3E87EE197} = {02EA681E-C7D8-13C7-8484-4AC65E1B71E8}
		{A46F83CB-06AC-4312-A006-DCDAB465B6D8} = {02EA681E-C7D8-13C7-8484-4AC65E1B71E8}
		{1ED605AA-CD43-4BF8-969D-CA58F1646033} = {02EA681E-C7D8-13C7-8484-4AC65E1B71E8}
		{49914A01-72EC-4C09-8A86-FCF329A04561} = {D23B2679-3549-46E5-9080-334E82248675}
		{3D8AAFF7-55C3-4B0B-A47C-8EFC82FACD94} = {D23B2679-3549-46E5-9080-334E82248675}
		{161A9876-A79A-4A28-87AB-CD9AD4127565} = {D23B2679-3549-46E5-9080-334E82248675}
		{71656ED4-8E78-4854-8C0D-6A4E08FC12DE} = {DDE0E7D2-8521-40F6-A632-BF5C86EC901E}
		{BC3D252E-A1AA-43B4-909F-A72801B3901D} = {DDE0E7D2-8521-40F6-A632-BF5C86EC901E}
		{97A7D625-F831-41A3-A703-3AAB87F1F1D8} = {DDE0E7D2-8521-40F6-A632-BF5C86EC901E}
		{BF18CB14-1689-4270-A6D4-43F0F08B62CD} = {05523A11-B8F5-4AC2-889B-B44B08D47080}
		{5E406BBC-F0AE-4D40-B307-C463D1372FCA} = {05523A11-B8F5-4AC2-889B-B44B08D47080}
		{9452E5D6-02D3-4409-931B-351EC7A68982} = {05523A11-B8F5-4AC2-889B-B44B08D47080}
	EndGlobalSection
	GlobalSection(ExtensibilityGlobals) = postSolution
		SolutionGuid = {EC5D0156-B3F3-468B-B415-AD71B06A749A}
	EndGlobalSection
EndGlobal
